
Microsoft Visual Studio Solution File, Format Version 12.00
# Visual Studio Version 16
VisualStudioVersion = 16.0.30413.136
MinimumVisualStudioVersion = 10.0.40219.1
Project("{FAE04EC0-301F-11D3-BF4B-00C04F79EFBC}") = "GuavaConsoleFirst", "GuavaConsoleFirst.csproj", "{DF3366F2-C940-4866-914F-95E63F5F99AB}"
EndProject
Global
	GlobalSection(SolutionConfigurationPlatforms) = preSolution
		Debug|Any CPU = Debug|Any CPU
		Release|Any CPU = Release|Any CPU
	EndGlobalSection
	GlobalSection(ProjectConfigurationPlatforms) = postSolution
		{DF3366F2-C940-4866-914F-95E63F5F99AB}.Debug|Any CPU.ActiveCfg = Debug|Any CPU
		{DF3366F2-C940-4866-914F-95E63F5F99AB}.Debug|Any CPU.Build.0 = Debug|Any CPU
		{DF3366F2-C940-4866-914F-95E63F5F99AB}.Release|Any CPU.ActiveCfg = Release|Any CPU
		{DF3366F2-C940-4866-914F-95E63F5F99AB}.Release|Any CPU.Build.0 = Release|Any CPU
	EndGlobalSection
	GlobalSection(SolutionProperties) = preSolution
		HideSolutionNode = FALSE
	EndGlobalSection
	GlobalSection(ExtensibilityGlobals) = postSolution
		SolutionGuid = {768B9E92-BAB6-4098-9E5E-E2DBACF2F81E}
	EndGlobalSection
EndGlobal
